
Microsoft Visual Studio Solution File, Format Version 12.00
# Visual Studio Version 16
VisualStudioVersion = 16.0.30717.126
MinimumVisualStudioVersion = 10.0.40219.1
Project("{FAE04EC0-301F-11D3-BF4B-00C04F79EFBC}") = "RetailManager.Backend", "RetailManager.Backend\RetailManager.Backend.csproj", "{B06C32A3-975B-46A5-AF3C-C2AAE7E624B8}"
EndProject
Project("{00D1A9C2-B5F0-4AF3-8072-F6C62B433612}") = "RetailManagerDB", "RetailManagerDB\RetailManagerDB.sqlproj", "{21494283-7EEA-4DE3-B5F4-1E2988F34B1E}"
EndProject
Global
	GlobalSection(SolutionConfigurationPlatforms) = preSolution
		Debug|Any CPU = Debug|Any CPU
		Release|Any CPU = Release|Any CPU
	EndGlobalSection
	GlobalSection(ProjectConfigurationPlatforms) = postSolution
		{B06C32A3-975B-46A5-AF3C-C2AAE7E624B8}.Debug|Any CPU.ActiveCfg = Debug|Any CPU
		{B06C32A3-975B-46A5-AF3C-C2AAE7E624B8}.Debug|Any CPU.Build.0 = Debug|Any CPU
		{B06C32A3-975B-46A5-AF3C-C2AAE7E624B8}.Release|Any CPU.ActiveCfg = Release|Any CPU
		{B06C32A3-975B-46A5-AF3C-C2AAE7E624B8}.Release|Any CPU.Build.0 = Release|Any CPU
		{21494283-7EEA-4DE3-B5F4-1E2988F34B1E}.Debug|Any CPU.ActiveCfg = Debug|Any CPU
		{21494283-7EEA-4DE3-B5F4-1E2988F34B1E}.Debug|Any CPU.Build.0 = Debug|Any CPU
		{21494283-7EEA-4DE3-B5F4-1E2988F34B1E}.Debug|Any CPU.Deploy.0 = Debug|Any CPU
		{21494283-7EEA-4DE3-B5F4-1E2988F34B1E}.Release|Any CPU.ActiveCfg = Release|Any CPU
		{21494283-7EEA-4DE3-B5F4-1E2988F34B1E}.Release|Any CPU.Build.0 = Release|Any CPU
		{21494283-7EEA-4DE3-B5F4-1E2988F34B1E}.Release|Any CPU.Deploy.0 = Release|Any CPU
	EndGlobalSection
	GlobalSection(SolutionProperties) = preSolution
		HideSolutionNode = FALSE
	EndGlobalSection
	GlobalSection(ExtensibilityGlobals) = postSolution
		SolutionGuid = {E61076D7-D734-485F-9F69-3BE62D3685A1}
	EndGlobalSection
EndGlobal
